{
  "name": "potato-panic",
  "lockfileVersion": 3,
  "requires": true,
  "packages": {
    "": {
      "dependencies": {
        "joystick-controller": "^2.0.0",
        "matter-js": "^0.20.0"
      }
    },
    "node_modules/joystick-controller": {
      "version": "2.0.0",
      "resolved": "https://registry.npmjs.org/joystick-controller/-/joystick-controller-2.0.0.tgz",
      "integrity": "sha512-MZTU/FUCQxVPCHFFTI4hiWH8q8+9MwI7rlGxyeU+mBsXZQmtBemuZqwlmkzSWdPEg12ZNVovrdUuBy64OGBZ8A=="
    },
    "node_modules/matter-js": {
      "version": "0.20.0",
      "resolved": "https://registry.npmjs.org/matter-js/-/matter-js-0.20.0.tgz",
      "integrity": "sha512-iC9fYR7zVT3HppNnsFsp9XOoQdQN2tUyfaKg4CHLH8bN+j6GT4Gw7IH2rP0tflAebrHFw730RR3DkVSZRX8hwA=="
    }
  }
}
